
Microsoft Visual Studio Solution File, Format Version 12.00
# Visual Studio Version 16
VisualStudioVersion = 16.0.30011.22
MinimumVisualStudioVersion = 10.0.40219.1
Project("{FAE04EC0-301F-11D3-BF4B-00C04F79EFBC}") = "cTrader_Node", "cTrader_Node\cTrader_Node.csproj", "{35dca1a3-0735-417f-ba4e-c778f711d355}"
EndProject
Global
	GlobalSection(SolutionConfigurationPlatforms) = preSolution
		Debug|Any CPU = Debug|Any CPU
		Release|Any CPU = Release|Any CPU
	EndGlobalSection
	GlobalSection(ProjectConfigurationPlatforms) = postSolution
		{35dca1a3-0735-417f-ba4e-c778f711d355}.Debug|Any CPU.ActiveCfg = Debug|Any CPU
		{35dca1a3-0735-417f-ba4e-c778f711d355}.Debug|Any CPU.Build.0 = Debug|Any CPU
		{35dca1a3-0735-417f-ba4e-c778f711d355}.Release|Any CPU.ActiveCfg = Release|Any CPU
		{35dca1a3-0735-417f-ba4e-c778f711d355}.Release|Any CPU.Build.0 = Release|Any CPU
	EndGlobalSection
	GlobalSection(SolutionProperties) = preSolution
		HideSolutionNode = FALSE
	EndGlobalSection
EndGlobal
